
Microsoft Visual Studio Solution File, Format Version 12.00
# Visual Studio Version 16
VisualStudioVersion = 16.0.29609.76
MinimumVisualStudioVersion = 10.0.40219.1
Project("{FAE04EC0-301F-11D3-BF4B-00C04F79EFBC}") = "BloodPressure", "BloodPressure.csproj", "{74B35E9B-66F6-4730-8888-12EDF20D84F5}"
EndProject
Project("{FAE04EC0-301F-11D3-BF4B-00C04F79EFBC}") = "BloodPressureForms", "..\BloodPressureForms\BloodPressureForms.csproj", "{FC02D5EA-B485-4378-8CD4-C00FE93528FD}"
EndProject
Global
	GlobalSection(SolutionConfigurationPlatforms) = preSolution
		Debug|Any CPU = Debug|Any CPU
		Release|Any CPU = Release|Any CPU
	EndGlobalSection
	GlobalSection(ProjectConfigurationPlatforms) = postSolution
		{74B35E9B-66F6-4730-8888-12EDF20D84F5}.Debug|Any CPU.ActiveCfg = Debug|Any CPU
		{74B35E9B-66F6-4730-8888-12EDF20D84F5}.Debug|Any CPU.Build.0 = Debug|Any CPU
		{74B35E9B-66F6-4730-8888-12EDF20D84F5}.Release|Any CPU.ActiveCfg = Release|Any CPU
		{74B35E9B-66F6-4730-8888-12EDF20D84F5}.Release|Any CPU.Build.0 = Release|Any CPU
		{FC02D5EA-B485-4378-8CD4-C00FE93528FD}.Debug|Any CPU.ActiveCfg = Debug|Any CPU
		{FC02D5EA-B485-4378-8CD4-C00FE93528FD}.Debug|Any CPU.Build.0 = Debug|Any CPU
		{FC02D5EA-B485-4378-8CD4-C00FE93528FD}.Release|Any CPU.ActiveCfg = Release|Any CPU
		{FC02D5EA-B485-4378-8CD4-C00FE93528FD}.Release|Any CPU.Build.0 = Release|Any CPU
	EndGlobalSection
	GlobalSection(SolutionProperties) = preSolution
		HideSolutionNode = FALSE
	EndGlobalSection
	GlobalSection(ExtensibilityGlobals) = postSolution
		SolutionGuid = {69B8762C-4BD2-4A0C-BD61-9FE7DD4AAD8B}
	EndGlobalSection
EndGlobal
